// !$*UTF8*$!
{
	archiveVersion = 1;
	classes = {
	};
	objectVersion = 77;
	objects = {

/* Begin PBXBuildFile section */
		3051121B2F00EBDC00AD57C7 /* Auth in Frameworks */ = {isa = PBXBuildFile; productRef = 3051121A2F00EBDC00AD57C7 /* Auth */; };
		3051121D2F00EBDC00AD57C7 /* Functions in Frameworks */ = {isa = PBXBuildFile; productRef = 3051121C2F00EBDC00AD57C7 /* Functions */; };
		3051121F2F00EBDC00AD57C7 /* PostgREST in Frameworks */ = {isa = PBXBuildFile; productRef = 3051121E2F00EBDC00AD57C7 /* PostgREST */; };
		305112212F00EBDC00AD57C7 /* Realtime in Frameworks */ = {isa = PBXBuildFile; productRef = 305112202F00EBDC00AD57C7 /* Realtime */; };
		305112232F00EBDC00AD57C7 /* Storage in Frameworks */ = {isa = PBXBuildFile; productRef = 305112222F00EBDC00AD57C7 /* Storage */; };
		3051122C2F00EE7A00AD57C7 /* Supabase in Frameworks */ = {isa = PBXBuildFile; productRef = 3051122B2F00EE7A00AD57C7 /* Supabase */; };
		309AEF972F24837700CFDB73 /* GoogleSignIn in Frameworks */ = {isa = PBXBuildFile; productRef = 309AEF962F24837700CFDB73 /* GoogleSignIn */; };
		309AEF992F24837700CFDB73 /* GoogleSignInSwift in Frameworks */ = {isa = PBXBuildFile; productRef = 309AEF982F24837700CFDB73 /* GoogleSignInSwift */; };
/* End PBXBuildFile section */

/* Begin PBXFileReference section */
		301B51582EC5795100A32581 /* fairwayd.app */ = {isa = PBXFileReference; explicitFileType = wrapper.application; includeInIndex = 0; path = fairwayd.app; sourceTree = BUILT_PRODUCTS_DIR; };
/* End PBXFileReference section */

/* Begin PBXFileSystemSynchronizedBuildFileExceptionSet section */
		309AEF942F240E2C00CFDB73 /* Exceptions for "fairwayd" folder in "fairwayd" target */ = {
			isa = PBXFileSystemSynchronizedBuildFileExceptionSet;
			membershipExceptions = (
				Info.plist,
			);
			target = 301B51572EC5795100A32581 /* fairwayd */;
		};
/* End PBXFileSystemSynchronizedBuildFileExceptionSet section */

/* Begin PBXFileSystemSynchronizedRootGroup section */
		301B515A2EC5795100A32581 /* fairwayd */ = {
			isa = PBXFileSystemSynchronizedRootGroup;
			exceptions = (
				309AEF942F240E2C00CFDB73 /* Exceptions for "fairwayd" folder in "fairwayd" target */,
			);
			path = fairwayd;
			sourceTree = "<group>";
		};
/* End PBXFileSystemSynchronizedRootGroup section */

/* Begin PBXFrameworksBuildPhase section */
		301B51552EC5795100A32581 /* Frameworks */ = {
			isa = PBXFrameworksBuildPhase;
			buildActionMask = 2147483647;
			files = (
				3051121F2F00EBDC00AD57C7 /* PostgREST in Frameworks */,
				3051121D2F00EBDC00AD57C7 /* Functions in Frameworks */,
				3051122C2F00EE7A00AD57C7 /* Supabase in Frameworks */,
				309AEF992F24837700CFDB73 /* GoogleSignInSwift in Frameworks */,
				3051121B2F00EBDC00AD57C7 /* Auth in Frameworks */,
				305112232F00EBDC00AD57C7 /* Storage in Frameworks */,
				305112212F00EBDC00AD57C7 /* Realtime in Frameworks */,
				309AEF972F24837700CFDB73 /* GoogleSignIn in Frameworks */,
			);
			runOnlyForDeploymentPostprocessing = 0;
		};
/* End PBXFrameworksBuildPhase section */

/* Begin PBXGroup section */
		301B514F2EC5795100A32581 = {
			isa = PBXGroup;
			children = (
				301B515A2EC5795100A32581 /* fairwayd */,
				3051122A2F00EE7A00AD57C7 /* Frameworks */,
				301B51592EC5795100A32581 /* Products */,
			);
			sourceTree = "<group>";
		};
		301B51592EC5795100A32581 /* Products */ = {
			isa = PBXGroup;
			children = (
				301B51582EC5795100A32581 /* fairwayd.app */,
			);
			name = Products;
			sourceTree = "<group>";
		};
		3051122A2F00EE7A00AD57C7 /* Frameworks */ = {
			isa = PBXGroup;
			children = (
			);
			name = Frameworks;
			sourceTree = "<group>";
		};
/* End PBXGroup section */

/* Begin PBXNativeTarget section */
		301B51572EC5795100A32581 /* fairwayd */ = {
			isa = PBXNativeTarget;
			buildConfigurationList = 301B51632EC5795300A32581 /* Build configuration list for PBXNativeTarget "fairwayd" */;
			buildPhases = (
				301B51542EC5795100A32581 /* Sources */,
				301B51552EC5795100A32581 /* Frameworks */,
				301B51562EC5795100A32581 /* Resources */,
			);
			buildRules = (
			);
			dependencies = (
			);
			fileSystemSynchronizedGroups = (
				301B515A2EC5795100A32581 /* fairwayd */,
			);
			name = fairwayd;
			packageProductDependencies = (
				3051121A2F00EBDC00AD57C7 /* Auth */,
				3051121C2F00EBDC00AD57C7 /* Functions */,
				3051121E2F00EBDC00AD57C7 /* PostgREST */,
				305112202F00EBDC00AD57C7 /* Realtime */,
				305112222F00EBDC00AD57C7 /* Storage */,
				3051122B2F00EE7A00AD57C7 /* Supabase */,
				309AEF962F24837700CFDB73 /* GoogleSignIn */,
				309AEF982F24837700CFDB73 /* GoogleSignInSwift */,
			);
			productName = fairwayd;
			productReference = 301B51582EC5795100A32581 /* fairwayd.app */;
			productType = "com.apple.product-type.application";
		};
/* End PBXNativeTarget section */

/* Begin PBXProject section */
		301B51502EC5795100A32581 /* Project object */ = {
			isa = PBXProject;
			attributes = {
				BuildIndependentTargetsInParallel = 1;
				LastSwiftUpdateCheck = 2610;
				LastUpgradeCheck = 2610;
				TargetAttributes = {
					301B51572EC5795100A32581 = {
						CreatedOnToolsVersion = 26.1.1;
					};
				};
			};
			buildConfigurationList = 301B51532EC5795100A32581 /* Build configuration list for PBXProject "fairwayd" */;
			developmentRegion = en;
			hasScannedForEncodings = 0;
			knownRegions = (
				en,
				Base,
			);
			mainGroup = 301B514F2EC5795100A32581;
			minimizedProjectReferenceProxies = 1;
			packageReferences = (
				305112192F00EBDC00AD57C7 /* XCRemoteSwiftPackageReference "supabase-swift" */,
				309AEF952F24837700CFDB73 /* XCRemoteSwiftPackageReference "GoogleSignIn-iOS" */,
			);
			preferredProjectObjectVersion = 77;
			productRefGroup = 301B51592EC5795100A32581 /* Products */;
			projectDirPath = "";
			projectRoot = "";
			targets = (
				301B51572EC5795100A32581 /* fairwayd */,
			);
		};
/* End PBXProject section */

/* Begin PBXResourcesBuildPhase section */
		301B51562EC5795100A32581 /* Resources */ = {
			isa = PBXResourcesBuildPhase;
			buildActionMask = 2147483647;
			files = (
			);
			runOnlyForDeploymentPostprocessing = 0;
		};
/* End PBXResourcesBuildPhase section */

/* Begin PBXSourcesBuildPhase section */
		301B51542EC5795100A32581 /* Sources */ = {
			isa = PBXSourcesBuildPhase;
			buildActionMask = 2147483647;
			files = (
			);
			runOnlyForDeploymentPostprocessing = 0;
		};
/* End PBXSourcesBuildPhase section */

/* Begin XCBuildConfiguration section */
		301B51612EC5795300A32581 /* Debug */ = {
			isa = XCBuildConfiguration;
			buildSettings = {
				ALWAYS_SEARCH_USER_PATHS = NO;
				ASSETCATALOG_COMPILER_GENERATE_SWIFT_ASSET_SYMBOL_EXTENSIONS = YES;
				CLANG_ANALYZER_NONNULL = YES;
				CLANG_ANALYZER_NUMBER_OBJECT_CONVERSION = YES_AGGRESSIVE;
				CLANG_CXX_LANGUAGE_STANDARD = "gnu++20";
				CLANG_ENABLE_MODULES = YES;
				CLANG_ENABLE_OBJC_ARC = YES;
				CLANG_ENABLE_OBJC_WEAK = YES;
				CLANG_WARN_BLOCK_CAPTURE_AUTORELEASING = YES;
				CLANG_WARN_BOOL_CONVERSION = YES;
				CLANG_WARN_COMMA = YES;
				CLANG_WARN_CONSTANT_CONVERSION = YES;
				CLANG_WARN_DEPRECATED_OBJC_IMPLEMENTATIONS = YES;
				CLANG_WARN_DIRECT_OBJC_ISA_USAGE = YES_ERROR;
				CLANG_WARN_DOCUMENTATION_COMMENTS = YES;
				CLANG_WARN_EMPTY_BODY = YES;
				CLANG_WARN_ENUM_CONVERSION = YES;
				CLANG_WARN_INFINITE_RECURSION = YES;
				CLANG_WARN_INT_CONVERSION = YES;
				CLANG_WARN_NON_LITERAL_NULL_CONVERSION = YES;
				CLANG_WARN_OBJC_IMPLICIT_RETAIN_SELF = YES;
				CLANG_WARN_OBJC_LITERAL_CONVERSION = YES;
				CLANG_WARN_OBJC_ROOT_CLASS = YES_ERROR;
				CLANG_WARN_QUOTED_INCLUDE_IN_FRAMEWORK_HEADER = YES;
				CLANG_WARN_RANGE_LOOP_ANALYSIS = YES;
				CLANG_WARN_STRICT_PROTOTYPES = YES;
				CLANG_WARN_SUSPICIOUS_MOVE = YES;
				CLANG_WARN_UNGUARDED_AVAILABILITY = YES_AGGRESSIVE;
				CLANG_WARN_UNREACHABLE_CODE = YES;
				CLANG_WARN__DUPLICATE_METHOD_MATCH = YES;
				COPY_PHASE_STRIP = NO;
				DEBUG_INFORMATION_FORMAT = dwarf;
				ENABLE_STRICT_OBJC_MSGSEND = YES;
				ENABLE_TESTABILITY = YES;
				ENABLE_USER_SCRIPT_SANDBOXING = YES;
				GCC_C_LANGUAGE_STANDARD = gnu17;
				GCC_DYNAMIC_NO_PIC = NO;
				GCC_NO_COMMON_BLOCKS = YES;
				GCC_OPTIMIZATION_LEVEL = 0;
				GCC_PREPROCESSOR_DEFINITIONS = (
					"DEBUG=1",
					"$(inherited)",
				);
				GCC_WARN_64_TO_32_BIT_CONVERSION = YES;
				GCC_WARN_ABOUT_RETURN_TYPE = YES_ERROR;
				GCC_WARN_UNDECLARED_SELECTOR = YES;
				GCC_WARN_UNINITIALIZED_AUTOS = YES_AGGRESSIVE;
				GCC_WARN_UNUSED_FUNCTION = YES;
				GCC_WARN_UNUSED_VARIABLE = YES;
				IPHONEOS_DEPLOYMENT_TARGET = 26.1;
				LOCALIZATION_PREFERS_STRING_CATALOGS = YES;
				MTL_ENABLE_DEBUG_INFO = INCLUDE_SOURCE;
				MTL_FAST_MATH = YES;
				ONLY_ACTIVE_ARCH = YES;
				SDKROOT = iphoneos;
				SWIFT_ACTIVE_COMPILATION_CONDITIONS = "DEBUG $(inherited)";
				SWIFT_OPTIMIZATION_LEVEL = "-Onone";
			};
			name = Debug;
		};
		301B51622EC5795300A32581 /* Release */ = {
			isa = XCBuildConfiguration;
			buildSettings = {
				ALWAYS_SEARCH_USER_PATHS = NO;
				ASSETCATALOG_COMPILER_GENERATE_SWIFT_ASSET_SYMBOL_EXTENSIONS = YES;
				CLANG_ANALYZER_NONNULL = YES;
				CLANG_ANALYZER_NUMBER_OBJECT_CONVERSION = YES_AGGRESSIVE;
				CLANG_CXX_LANGUAGE_STANDARD = "gnu++20";
				CLANG_ENABLE_MODULES = YES;
				CLANG_ENABLE_OBJC_ARC = YES;
				CLANG_ENABLE_OBJC_WEAK = YES;
				CLANG_WARN_BLOCK_CAPTURE_AUTORELEASING = YES;
				CLANG_WARN_BOOL_CONVERSION = YES;
				CLANG_WARN_COMMA = YES;
				CLANG_WARN_CONSTANT_CONVERSION = YES;
				CLANG_WARN_DEPRECATED_OBJC_IMPLEMENTATIONS = YES;
				CLANG_WARN_DIRECT_OBJC_ISA_USAGE = YES_ERROR;
				CLANG_WARN_DOCUMENTATION_COMMENTS = YES;
				CLANG_WARN_EMPTY_BODY = YES;
				CLANG_WARN_ENUM_CONVERSION = YES;
				CLANG_WARN_INFINITE_RECURSION = YES;
				CLANG_WARN_INT_CONVERSION = YES;
				CLANG_WARN_NON_LITERAL_NULL_CONVERSION = YES;
				CLANG_WARN_OBJC_IMPLICIT_RETAIN_SELF = YES;
				CLANG_WARN_OBJC_LITERAL_CONVERSION = YES;
				CLANG_WARN_OBJC_ROOT_CLASS = YES_ERROR;
				CLANG_WARN_QUOTED_INCLUDE_IN_FRAMEWORK_HEADER = YES;
				CLANG_WARN_RANGE_LOOP_ANALYSIS = YES;
				CLANG_WARN_STRICT_PROTOTYPES = YES;
				CLANG_WARN_SUSPICIOUS_MOVE = YES;
				CLANG_WARN_UNGUARDED_AVAILABILITY = YES_AGGRESSIVE;
				CLANG_WARN_UNREACHABLE_CODE = YES;
				CLANG_WARN__DUPLICATE_METHOD_MATCH = YES;
				COPY_PHASE_STRIP = NO;
				DEBUG_INFORMATION_FORMAT = "dwarf-with-dsym";
				ENABLE_NS_ASSERTIONS = NO;
				ENABLE_STRICT_OBJC_MSGSEND = YES;
				ENABLE_USER_SCRIPT_SANDBOXING = YES;
				GCC_C_LANGUAGE_STANDARD = gnu17;
				GCC_NO_COMMON_BLOCKS = YES;
				GCC_WARN_64_TO_32_BIT_CONVERSION = YES;
				GCC_WARN_ABOUT_RETURN_TYPE = YES_ERROR;
				GCC_WARN_UNDECLARED_SELECTOR = YES;
				GCC_WARN_UNINITIALIZED_AUTOS = YES_AGGRESSIVE;
				GCC_WARN_UNUSED_FUNCTION = YES;
				GCC_WARN_UNUSED_VARIABLE = YES;
				IPHONEOS_DEPLOYMENT_TARGET = 26.1;
				LOCALIZATION_PREFERS_STRING_CATALOGS = YES;
				MTL_ENABLE_DEBUG_INFO = NO;
				MTL_FAST_MATH = YES;
				SDKROOT = iphoneos;
				SWIFT_COMPILATION_MODE = wholemodule;
				VALIDATE_PRODUCT = YES;
			};
			name = Release;
		};
		301B51642EC5795300A32581 /* Debug */ = {
			isa = XCBuildConfiguration;
			buildSettings = {
				ASSETCATALOG_COMPILER_APPICON_NAME = AppIcon;
				ASSETCATALOG_COMPILER_GLOBAL_ACCENT_COLOR_NAME = AccentColor;
				ASSETCATALOG_COMPILER_INCLUDE_ALL_APPICON_ASSETS = YES;
				CODE_SIGN_STYLE = Automatic;
				CURRENT_PROJECT_VERSION = 1;
				DEVELOPMENT_TEAM = ZU54GMC7NW;
				ENABLE_PREVIEWS = YES;
				GENERATE_INFOPLIST_FILE = YES;
				INFOPLIST_FILE = fairwayd/Info.plist;
				INFOPLIST_KEY_UIApplicationSceneManifest_Generation = YES;
				INFOPLIST_KEY_UIApplicationSupportsIndirectInputEvents = YES;
				INFOPLIST_KEY_UILaunchScreen_Generation = NO;
				INFOPLIST_KEY_UISupportedInterfaceOrientations_iPad = "UIInterfaceOrientationPortrait UIInterfaceOrientationPortraitUpsideDown UIInterfaceOrientationLandscapeLeft UIInterfaceOrientationLandscapeRight";
				INFOPLIST_KEY_UISupportedInterfaceOrientations_iPhone = "UIInterfaceOrientationPortrait UIInterfaceOrientationLandscapeLeft UIInterfaceOrientationLandscapeRight";
				IPHONEOS_DEPLOYMENT_TARGET = 18.6;
				LD_RUNPATH_SEARCH_PATHS = (
					"$(inherited)",
					"@executable_path/Frameworks",
				);
				MARKETING_VERSION = 1.0;
				PRODUCT_BUNDLE_IDENTIFIER = com.dannymorsovillo.fairwayd;
				PRODUCT_NAME = "$(TARGET_NAME)";
				STRING_CATALOG_GENERATE_SYMBOLS = YES;
				SWIFT_APPROACHABLE_CONCURRENCY = YES;
				SWIFT_DEFAULT_ACTOR_ISOLATION = MainActor;
				SWIFT_EMIT_LOC_STRINGS = YES;
				SWIFT_UPCOMING_FEATURE_MEMBER_IMPORT_VISIBILITY = YES;
				SWIFT_VERSION = 5.0;
				TARGETED_DEVICE_FAMILY = "1,2";
			};
			name = Debug;
		};
		301B51652EC5795300A32581 /* Release */ = {
			isa = XCBuildConfiguration;
			buildSettings = {
				ASSETCATALOG_COMPILER_APPICON_NAME = AppIcon;
				ASSETCATALOG_COMPILER_GLOBAL_ACCENT_COLOR_NAME = AccentColor;
				ASSETCATALOG_COMPILER_INCLUDE_ALL_APPICON_ASSETS = YES;
				CODE_SIGN_STYLE = Automatic;
				CURRENT_PROJECT_VERSION = 1;
				DEVELOPMENT_TEAM = ZU54GMC7NW;
				ENABLE_PREVIEWS = YES;
				GENERATE_INFOPLIST_FILE = YES;
				INFOPLIST_FILE = fairwayd/Info.plist;
				INFOPLIST_KEY_UIApplicationSceneManifest_Generation = YES;
				INFOPLIST_KEY_UIApplicationSupportsIndirectInputEvents = YES;
				INFOPLIST_KEY_UILaunchScreen_Generation = NO;
				INFOPLIST_KEY_UISupportedInterfaceOrientations_iPad = "UIInterfaceOrientationPortrait UIInterfaceOrientationPortraitUpsideDown UIInterfaceOrientationLandscapeLeft UIInterfaceOrientationLandscapeRight";
				INFOPLIST_KEY_UISupportedInterfaceOrientations_iPhone = "UIInterfaceOrientationPortrait UIInterfaceOrientationLandscapeLeft UIInterfaceOrientationLandscapeRight";
				IPHONEOS_DEPLOYMENT_TARGET = 18.6;
				LD_RUNPATH_SEARCH_PATHS = (
					"$(inherited)",
					"@executable_path/Frameworks",
				);
				MARKETING_VERSION = 1.0;
				PRODUCT_BUNDLE_IDENTIFIER = com.dannymorsovillo.fairwayd;
				PRODUCT_NAME = "$(TARGET_NAME)";
				STRING_CATALOG_GENERATE_SYMBOLS = YES;
				SWIFT_APPROACHABLE_CONCURRENCY = YES;
				SWIFT_DEFAULT_ACTOR_ISOLATION = MainActor;
				SWIFT_EMIT_LOC_STRINGS = YES;
				SWIFT_UPCOMING_FEATURE_MEMBER_IMPORT_VISIBILITY = YES;
				SWIFT_VERSION = 5.0;
				TARGETED_DEVICE_FAMILY = "1,2";
			};
			name = Release;
		};
/* End XCBuildConfiguration section */

/* Begin XCConfigurationList section */
		301B51532EC5795100A32581 /* Build configuration list for PBXProject "fairwayd" */ = {
			isa = XCConfigurationList;
			buildConfigurations = (
				301B51612EC5795300A32581 /* Debug */,
				301B51622EC5795300A32581 /* Release */,
			);
			defaultConfigurationIsVisible = 0;
			defaultConfigurationName = Release;
		};
		301B51632EC5795300A32581 /* Build configuration list for PBXNativeTarget "fairwayd" */ = {
			isa = XCConfigurationList;
			buildConfigurations = (
				301B51642EC5795300A32581 /* Debug */,
				301B51652EC5795300A32581 /* Release */,
			);
			defaultConfigurationIsVisible = 0;
			defaultConfigurationName = Release;
		};
/* End XCConfigurationList section */

/* Begin XCRemoteSwiftPackageReference section */
		305112192F00EBDC00AD57C7 /* XCRemoteSwiftPackageReference "supabase-swift" */ = {
			isa = XCRemoteSwiftPackageReference;
			repositoryURL = "https://github.com/supabase/supabase-swift";
			requirement = {
				kind = upToNextMajorVersion;
				minimumVersion = 2.5.1;
			};
		};
		309AEF952F24837700CFDB73 /* XCRemoteSwiftPackageReference "GoogleSignIn-iOS" */ = {
			isa = XCRemoteSwiftPackageReference;
			repositoryURL = "https://github.com/google/GoogleSignIn-iOS";
			requirement = {
				kind = upToNextMajorVersion;
				minimumVersion = 9.1.0;
			};
		};
/* End XCRemoteSwiftPackageReference section */

/* Begin XCSwiftPackageProductDependency section */
		3051121A2F00EBDC00AD57C7 /* Auth */ = {
			isa = XCSwiftPackageProductDependency;
			package = 305112192F00EBDC00AD57C7 /* XCRemoteSwiftPackageReference "supabase-swift" */;
			productName = Auth;
		};
		3051121C2F00EBDC00AD57C7 /* Functions */ = {
			isa = XCSwiftPackageProductDependency;
			package = 305112192F00EBDC00AD57C7 /* XCRemoteSwiftPackageReference "supabase-swift" */;
			productName = Functions;
		};
		3051121E2F00EBDC00AD57C7 /* PostgREST */ = {
			isa = XCSwiftPackageProductDependency;
			package = 305112192F00EBDC00AD57C7 /* XCRemoteSwiftPackageReference "supabase-swift" */;
			productName = PostgREST;
		};
		305112202F00EBDC00AD57C7 /* Realtime */ = {
			isa = XCSwiftPackageProductDependency;
			package = 305112192F00EBDC00AD57C7 /* XCRemoteSwiftPackageReference "supabase-swift" */;
			productName = Realtime;
		};
		305112222F00EBDC00AD57C7 /* Storage */ = {
			isa = XCSwiftPackageProductDependency;
			package = 305112192F00EBDC00AD57C7 /* XCRemoteSwiftPackageReference "supabase-swift" */;
			productName = Storage;
		};
		3051122B2F00EE7A00AD57C7 /* Supabase */ = {
			isa = XCSwiftPackageProductDependency;
			package = 305112192F00EBDC00AD57C7 /* XCRemoteSwiftPackageReference "supabase-swift" */;
			productName = Supabase;
		};
		309AEF962F24837700CFDB73 /* GoogleSignIn */ = {
			isa = XCSwiftPackageProductDependency;
			package = 309AEF952F24837700CFDB73 /* XCRemoteSwiftPackageReference "GoogleSignIn-iOS" */;
			productName = GoogleSignIn;
		};
		309AEF982F24837700CFDB73 /* GoogleSignInSwift */ = {
			isa = XCSwiftPackageProductDependency;
			package = 309AEF952F24837700CFDB73 /* XCRemoteSwiftPackageReference "GoogleSignIn-iOS" */;
			productName = GoogleSignInSwift;
		};
/* End XCSwiftPackageProductDependency section */
	};
	rootObject = 301B51502EC5795100A32581 /* Project object */;
}
